PODS:
  - Down (0.6.2)
  - Kingfisher (5.5.0)
  - NVActivityIndicatorView (4.7.0):
    - NVActivityIndicatorView/Presenter (= 4.7.0)
  - NVActivityIndicatorView/Presenter (4.7.0)

DEPENDENCIES:
  - Down (~> 0.6.2.0)
  - Kingfisher
  - NVActivityIndicatorView

SPEC REPOS:
  https://github.com/cocoapods/specs.git:
    - Down
    - Kingfisher
    - NVActivityIndicatorView

SPEC CHECKSUMS:
  Down: 8c59a03cb229ef28dfa774b2132da860f3dee0ac
  Kingfisher: 6fe5e67a90fd335e49b0f5c075ff55ac5ebedd94
  NVActivityIndicatorView: b19ddab2576f805cbe0fb2306cba3476e09a1dea

PODFILE CHECKSUM: 26de84700421fbbbc453d34fabe74c861368e0d0

COCOAPODS: 1.6.0
