PODS:
  - Down (0.6.2)
  - Kingfisher (5.1.0)

DEPENDENCIES:
  - Down
  - Kingfisher

SPEC REPOS:
  https://github.com/cocoapods/specs.git:
    - Down
    - Kingfisher

SPEC CHECKSUMS:
  Down: 8c59a03cb229ef28dfa774b2132da860f3dee0ac
  Kingfisher: fcec238063d17404fca89bf0a850583211c4cbf6

PODFILE CHECKSUM: 433e6e8cefb79a7f488941c2779daa4f7eb04e9e

COCOAPODS: 1.5.3
